
Microsoft Visual Studio Solution File, Format Version 12.00
# Visual Studio Version 16
VisualStudioVersion = 16.0.30717.126
MinimumVisualStudioVersion = 10.0.40219.1
Project("{8BC9CEB8-8B4A-11D0-8D11-00A0C91BC942}") = "Lab3-4", "Lab3-4.vcxproj", "{F667986A-0015-4DD5-9D8C-58CAE67EC9F3}"
EndProject
Global
	GlobalSection(SolutionConfigurationPlatforms) = preSolution
		Debug|x64 = Debug|x64
		Debug|x86 = Debug|x86
		Release|x64 = Release|x64
		Release|x86 = Release|x86
	EndGlobalSection
	GlobalSection(ProjectConfigurationPlatforms) = postSolution
		{F667986A-0015-4DD5-9D8C-58CAE67EC9F3}.Debug|x64.ActiveCfg = Debug|x64
		{F667986A-0015-4DD5-9D8C-58CAE67EC9F3}.Debug|x64.Build.0 = Debug|x64
		{F667986A-0015-4DD5-9D8C-58CAE67EC9F3}.Debug|x86.ActiveCfg = Debug|Win32
		{F667986A-0015-4DD5-9D8C-58CAE67EC9F3}.Debug|x86.Build.0 = Debug|Win32
		{F667986A-0015-4DD5-9D8C-58CAE67EC9F3}.Release|x64.ActiveCfg = Release|x64
		{F667986A-0015-4DD5-9D8C-58CAE67EC9F3}.Release|x64.Build.0 = Release|x64
		{F667986A-0015-4DD5-9D8C-58CAE67EC9F3}.Release|x86.ActiveCfg = Release|Win32
		{F667986A-0015-4DD5-9D8C-58CAE67EC9F3}.Release|x86.Build.0 = Release|Win32
	EndGlobalSection
	GlobalSection(SolutionProperties) = preSolution
		HideSolutionNode = FALSE
	EndGlobalSection
	GlobalSection(ExtensibilityGlobals) = postSolution
		SolutionGuid = {9465A541-38BA-4B4E-BB98-128A8423D0F0}
	EndGlobalSection
EndGlobal
